// !$*UTF8*$!
{
	archiveVersion = 1;
	classes = {
	};
	objectVersion = 50;
	objects = {

/* Begin PBXBuildFile section */
		5E16CE8A21964E3100052FD6 /* characterattacks.cpp in Sources */ = {isa = PBXBuildFile; fileRef = 5E16CE8821964E3100052FD6 /* characterattacks.cpp */; };
		5EDDEC442191D76500D65262 /* main.cpp in Sources */ = {isa = PBXBuildFile; fileRef = 5EDDEC432191D76500D65262 /* main.cpp */; };
		5EDDEC4C2191D7DD00D65262 /* enemies.cpp in Sources */ = {isa = PBXBuildFile; fileRef = 5EDDEC4A2191D7DD00D65262 /* enemies.cpp */; };
		5EDDEC4F2191E64800D65262 /* character basics.cpp in Sources */ = {isa = PBXBuildFile; fileRef = 5EDDEC4D2191E64800D65262 /* character basics.cpp */; };
		5EDDEC522191EE6700D65262 /* Effects.cpp in Sources */ = {isa = PBXBuildFile; fileRef = 5EDDEC502191EE6700D65262 /* Effects.cpp */; };
		5EDDEC552191F6A200D65262 /* Hero.cpp in Sources */ = {isa = PBXBuildFile; fileRef = 5EDDEC532191F6A200D65262 /* Hero.cpp */; };
		5EDDEC58219200A800D65262 /* attack.cpp in Sources */ = {isa = PBXBuildFile; fileRef = 5EDDEC56219200A800D65262 /* attack.cpp */; };
/* End PBXBuildFile section */

/* Begin PBXCopyFilesBuildPhase section */
		5EDDEC3E2191D76500D65262 /* CopyFiles */ = {
			isa = PBXCopyFilesBuildPhase;
			buildActionMask = 2147483647;
			dstPath = /usr/share/man/man1/;
			dstSubfolderSpec = 0;
			files = (
			);
			runOnlyForDeploymentPostprocessing = 1;
		};
/* End PBXCopyFilesBuildPhase section */

/* Begin PBXFileReference section */
		5E16CE8821964E3100052FD6 /* characterattacks.cpp */ = {isa = PBXFileReference; lastKnownFileType = sourcecode.cpp.cpp; path = characterattacks.cpp; sourceTree = "<group>"; };
		5E16CE8921964E3100052FD6 /* characterattacks.hpp */ = {isa = PBXFileReference; lastKnownFileType = sourcecode.cpp.h; path = characterattacks.hpp; sourceTree = "<group>"; };
		5EDDEC402191D76500D65262 /* Test game */ = {isa = PBXFileReference; explicitFileType = "compiled.mach-o.executable"; includeInIndex = 0; path = "Test game"; sourceTree = BUILT_PRODUCTS_DIR; };
		5EDDEC432191D76500D65262 /* main.cpp */ = {isa = PBXFileReference; lastKnownFileType = sourcecode.cpp.cpp; path = main.cpp; sourceTree = "<group>"; };
		5EDDEC4A2191D7DD00D65262 /* enemies.cpp */ = {isa = PBXFileReference; lastKnownFileType = sourcecode.cpp.cpp; path = enemies.cpp; sourceTree = "<group>"; };
		5EDDEC4B2191D7DD00D65262 /* enemies.hpp */ = {isa = PBXFileReference; lastKnownFileType = sourcecode.cpp.h; path = enemies.hpp; sourceTree = "<group>"; };
		5EDDEC4D2191E64800D65262 /* character basics.cpp */ = {isa = PBXFileReference; lastKnownFileType = sourcecode.cpp.cpp; path = "character basics.cpp"; sourceTree = "<group>"; };
		5EDDEC4E2191E64800D65262 /* character basics.hpp */ = {isa = PBXFileReference; lastKnownFileType = sourcecode.cpp.h; path = "character basics.hpp"; sourceTree = "<group>"; };
		5EDDEC502191EE6700D65262 /* Effects.cpp */ = {isa = PBXFileReference; lastKnownFileType = sourcecode.cpp.cpp; path = Effects.cpp; sourceTree = "<group>"; };
		5EDDEC512191EE6700D65262 /* Effects.hpp */ = {isa = PBXFileReference; lastKnownFileType = sourcecode.cpp.h; path = Effects.hpp; sourceTree = "<group>"; };
		5EDDEC532191F6A200D65262 /* Hero.cpp */ = {isa = PBXFileReference; lastKnownFileType = sourcecode.cpp.cpp; path = Hero.cpp; sourceTree = "<group>"; };
		5EDDEC542191F6A200D65262 /* Hero.hpp */ = {isa = PBXFileReference; lastKnownFileType = sourcecode.cpp.h; path = Hero.hpp; sourceTree = "<group>"; };
		5EDDEC56219200A800D65262 /* attack.cpp */ = {isa = PBXFileReference; lastKnownFileType = sourcecode.cpp.cpp; path = attack.cpp; sourceTree = "<group>"; };
		5EDDEC57219200A800D65262 /* attack.hpp */ = {isa = PBXFileReference; lastKnownFileType = sourcecode.cpp.h; path = attack.hpp; sourceTree = "<group>"; };
/* End PBXFileReference section */

/* Begin PBXFrameworksBuildPhase section */
		5EDDEC3D2191D76500D65262 /* Frameworks */ = {
			isa = PBXFrameworksBuildPhase;
			buildActionMask = 2147483647;
			files = (
			);
			runOnlyForDeploymentPostprocessing = 0;
		};
/* End PBXFrameworksBuildPhase section */

/* Begin PBXGroup section */
		5EDDEC372191D76500D65262 = {
			isa = PBXGroup;
			children = (
				5EDDEC422191D76500D65262 /* Test game */,
				5EDDEC412191D76500D65262 /* Products */,
			);
			sourceTree = "<group>";
		};
		5EDDEC412191D76500D65262 /* Products */ = {
			isa = PBXGroup;
			children = (
				5EDDEC402191D76500D65262 /* Test game */,
			);
			name = Products;
			sourceTree = "<group>";
		};
		5EDDEC422191D76500D65262 /* Test game */ = {
			isa = PBXGroup;
			children = (
				5EDDEC432191D76500D65262 /* main.cpp */,
				5EDDEC502191EE6700D65262 /* Effects.cpp */,
				5EDDEC512191EE6700D65262 /* Effects.hpp */,
				5EDDEC56219200A800D65262 /* attack.cpp */,
				5EDDEC57219200A800D65262 /* attack.hpp */,
				5E16CE8821964E3100052FD6 /* characterattacks.cpp */,
				5E16CE8921964E3100052FD6 /* characterattacks.hpp */,
				5EDDEC4D2191E64800D65262 /* character basics.cpp */,
				5EDDEC4E2191E64800D65262 /* character basics.hpp */,
				5EDDEC4A2191D7DD00D65262 /* enemies.cpp */,
				5EDDEC4B2191D7DD00D65262 /* enemies.hpp */,
				5EDDEC532191F6A200D65262 /* Hero.cpp */,
				5EDDEC542191F6A200D65262 /* Hero.hpp */,
			);
			path = "Test game";
			sourceTree = "<group>";
		};
/* End PBXGroup section */

/* Begin PBXNativeTarget section */
		5EDDEC3F2191D76500D65262 /* Test game */ = {
			isa = PBXNativeTarget;
			buildConfigurationList = 5EDDEC472191D76500D65262 /* Build configuration list for PBXNativeTarget "Test game" */;
			buildPhases = (
				5EDDEC3C2191D76500D65262 /* Sources */,
				5EDDEC3D2191D76500D65262 /* Frameworks */,
				5EDDEC3E2191D76500D65262 /* CopyFiles */,
			);
			buildRules = (
			);
			dependencies = (
			);
			name = "Test game";
			productName = "Test game";
			productReference = 5EDDEC402191D76500D65262 /* Test game */;
			productType = "com.apple.product-type.tool";
		};
/* End PBXNativeTarget section */

/* Begin PBXProject section */
		5EDDEC382191D76500D65262 /* Project object */ = {
			isa = PBXProject;
			attributes = {
				LastUpgradeCheck = 1010;
				ORGANIZATIONNAME = "Jesus Velez";
				TargetAttributes = {
					5EDDEC3F2191D76500D65262 = {
						CreatedOnToolsVersion = 10.1;
					};
				};
			};
			buildConfigurationList = 5EDDEC3B2191D76500D65262 /* Build configuration list for PBXProject "Test game" */;
			compatibilityVersion = "Xcode 9.3";
			developmentRegion = en;
			hasScannedForEncodings = 0;
			knownRegions = (
				en,
			);
			mainGroup = 5EDDEC372191D76500D65262;
			productRefGroup = 5EDDEC412191D76500D65262 /* Products */;
			projectDirPath = "";
			projectRoot = "";
			targets = (
				5EDDEC3F2191D76500D65262 /* Test game */,
			);
		};
/* End PBXProject section */

/* Begin PBXSourcesBuildPhase section */
		5EDDEC3C2191D76500D65262 /* Sources */ = {
			isa = PBXSourcesBuildPhase;
			buildActionMask = 2147483647;
			files = (
				5EDDEC522191EE6700D65262 /* Effects.cpp in Sources */,
				5E16CE8A21964E3100052FD6 /* characterattacks.cpp in Sources */,
				5EDDEC4C2191D7DD00D65262 /* enemies.cpp in Sources */,
				5EDDEC4F2191E64800D65262 /* character basics.cpp in Sources */,
				5EDDEC442191D76500D65262 /* main.cpp in Sources */,
				5EDDEC552191F6A200D65262 /* Hero.cpp in Sources */,
				5EDDEC58219200A800D65262 /* attack.cpp in Sources */,
			);
			runOnlyForDeploymentPostprocessing = 0;
		};
/* End PBXSourcesBuildPhase section */

/* Begin XCBuildConfiguration section */
		5EDDEC452191D76500D65262 /* Debug */ = {
			isa = XCBuildConfiguration;
			buildSettings = {
				ALWAYS_SEARCH_USER_PATHS = NO;
				CLANG_ANALYZER_NONNULL = YES;
				CLANG_ANALYZER_NUMBER_OBJECT_CONVERSION = YES_AGGRESSIVE;
				CLANG_CXX_LANGUAGE_STANDARD = "gnu++14";
				CLANG_CXX_LIBRARY = "libc++";
				CLANG_ENABLE_MODULES = YES;
				CLANG_ENABLE_OBJC_ARC = YES;
				CLANG_ENABLE_OBJC_WEAK = YES;
				CLANG_WARN_BLOCK_CAPTURE_AUTORELEASING = YES;
				CLANG_WARN_BOOL_CONVERSION = YES;
				CLANG_WARN_COMMA = YES;
				CLANG_WARN_CONSTANT_CONVERSION = YES;
				CLANG_WARN_DEPRECATED_OBJC_IMPLEMENTATIONS = YES;
				CLANG_WARN_DIRECT_OBJC_ISA_USAGE = YES_ERROR;
				CLANG_WARN_DOCUMENTATION_COMMENTS = YES;
				CLANG_WARN_EMPTY_BODY = YES;
				CLANG_WARN_ENUM_CONVERSION = YES;
				CLANG_WARN_INFINITE_RECURSION = YES;
				CLANG_WARN_INT_CONVERSION = YES;
				CLANG_WARN_NON_LITERAL_NULL_CONVERSION = YES;
				CLANG_WARN_OBJC_IMPLICIT_RETAIN_SELF = YES;
				CLANG_WARN_OBJC_LITERAL_CONVERSION = YES;
				CLANG_WARN_OBJC_ROOT_CLASS = YES_ERROR;
				CLANG_WARN_RANGE_LOOP_ANALYSIS = YES;
				CLANG_WARN_STRICT_PROTOTYPES = YES;
				CLANG_WARN_SUSPICIOUS_MOVE = YES;
				CLANG_WARN_UNGUARDED_AVAILABILITY = YES_AGGRESSIVE;
				CLANG_WARN_UNREACHABLE_CODE = YES;
				CLANG_WARN__DUPLICATE_METHOD_MATCH = YES;
				CODE_SIGN_IDENTITY = "-";
				COPY_PHASE_STRIP = NO;
				DEBUG_INFORMATION_FORMAT = dwarf;
				ENABLE_STRICT_OBJC_MSGSEND = YES;
				ENABLE_TESTABILITY = YES;
				GCC_C_LANGUAGE_STANDARD = gnu11;
				GCC_DYNAMIC_NO_PIC = NO;
				GCC_NO_COMMON_BLOCKS = YES;
				GCC_OPTIMIZATION_LEVEL = 0;
				GCC_PREPROCESSOR_DEFINITIONS = (
					"DEBUG=1",
					"$(inherited)",
				);
				GCC_WARN_64_TO_32_BIT_CONVERSION = YES;
				GCC_WARN_ABOUT_RETURN_TYPE = YES_ERROR;
				GCC_WARN_UNDECLARED_SELECTOR = YES;
				GCC_WARN_UNINITIALIZED_AUTOS = YES_AGGRESSIVE;
				GCC_WARN_UNUSED_FUNCTION = YES;
				GCC_WARN_UNUSED_VARIABLE = YES;
				MACOSX_DEPLOYMENT_TARGET = 10.14;
				MTL_ENABLE_DEBUG_INFO = INCLUDE_SOURCE;
				MTL_FAST_MATH = YES;
				ONLY_ACTIVE_ARCH = YES;
				SDKROOT = macosx;
			};
			name = Debug;
		};
		5EDDEC462191D76500D65262 /* Release */ = {
			isa = XCBuildConfiguration;
			buildSettings = {
				ALWAYS_SEARCH_USER_PATHS = NO;
				CLANG_ANALYZER_NONNULL = YES;
				CLANG_ANALYZER_NUMBER_OBJECT_CONVERSION = YES_AGGRESSIVE;
				CLANG_CXX_LANGUAGE_STANDARD = "gnu++14";
				CLANG_CXX_LIBRARY = "libc++";
				CLANG_ENABLE_MODULES = YES;
				CLANG_ENABLE_OBJC_ARC = YES;
				CLANG_ENABLE_OBJC_WEAK = YES;
				CLANG_WARN_BLOCK_CAPTURE_AUTORELEASING = YES;
				CLANG_WARN_BOOL_CONVERSION = YES;
				CLANG_WARN_COMMA = YES;
				CLANG_WARN_CONSTANT_CONVERSION = YES;
				CLANG_WARN_DEPRECATED_OBJC_IMPLEMENTATIONS = YES;
				CLANG_WARN_DIRECT_OBJC_ISA_USAGE = YES_ERROR;
				CLANG_WARN_DOCUMENTATION_COMMENTS = YES;
				CLANG_WARN_EMPTY_BODY = YES;
				CLANG_WARN_ENUM_CONVERSION = YES;
				CLANG_WARN_INFINITE_RECURSION = YES;
				CLANG_WARN_INT_CONVERSION = YES;
				CLANG_WARN_NON_LITERAL_NULL_CONVERSION = YES;
				CLANG_WARN_OBJC_IMPLICIT_RETAIN_SELF = YES;
				CLANG_WARN_OBJC_LITERAL_CONVERSION = YES;
				CLANG_WARN_OBJC_ROOT_CLASS = YES_ERROR;
				CLANG_WARN_RANGE_LOOP_ANALYSIS = YES;
				CLANG_WARN_STRICT_PROTOTYPES = YES;
				CLANG_WARN_SUSPICIOUS_MOVE = YES;
				CLANG_WARN_UNGUARDED_AVAILABILITY = YES_AGGRESSIVE;
				CLANG_WARN_UNREACHABLE_CODE = YES;
				CLANG_WARN__DUPLICATE_METHOD_MATCH = YES;
				CODE_SIGN_IDENTITY = "-";
				COPY_PHASE_STRIP = NO;
				DEBUG_INFORMATION_FORMAT = "dwarf-with-dsym";
				ENABLE_NS_ASSERTIONS = NO;
				ENABLE_STRICT_OBJC_MSGSEND = YES;
				GCC_C_LANGUAGE_STANDARD = gnu11;
				GCC_NO_COMMON_BLOCKS = YES;
				GCC_WARN_64_TO_32_BIT_CONVERSION = YES;
				GCC_WARN_ABOUT_RETURN_TYPE = YES_ERROR;
				GCC_WARN_UNDECLARED_SELECTOR = YES;
				GCC_WARN_UNINITIALIZED_AUTOS = YES_AGGRESSIVE;
				GCC_WARN_UNUSED_FUNCTION = YES;
				GCC_WARN_UNUSED_VARIABLE = YES;
				MACOSX_DEPLOYMENT_TARGET = 10.14;
				MTL_ENABLE_DEBUG_INFO = NO;
				MTL_FAST_MATH = YES;
				SDKROOT = macosx;
			};
			name = Release;
		};
		5EDDEC482191D76500D65262 /* Debug */ = {
			isa = XCBuildConfiguration;
			buildSettings = {
				CODE_SIGN_STYLE = Automatic;
				PRODUCT_NAME = "$(TARGET_NAME)";
			};
			name = Debug;
		};
		5EDDEC492191D76500D65262 /* Release */ = {
			isa = XCBuildConfiguration;
			buildSettings = {
				CODE_SIGN_STYLE = Automatic;
				PRODUCT_NAME = "$(TARGET_NAME)";
			};
			name = Release;
		};
/* End XCBuildConfiguration section */

/* Begin XCConfigurationList section */
		5EDDEC3B2191D76500D65262 /* Build configuration list for PBXProject "Test game" */ = {
			isa = XCConfigurationList;
			buildConfigurations = (
				5EDDEC452191D76500D65262 /* Debug */,
				5EDDEC462191D76500D65262 /* Release */,
			);
			defaultConfigurationIsVisible = 0;
			defaultConfigurationName = Release;
		};
		5EDDEC472191D76500D65262 /* Build configuration list for PBXNativeTarget "Test game" */ = {
			isa = XCConfigurationList;
			buildConfigurations = (
				5EDDEC482191D76500D65262 /* Debug */,
				5EDDEC492191D76500D65262 /* Release */,
			);
			defaultConfigurationIsVisible = 0;
			defaultConfigurationName = Release;
		};
/* End XCConfigurationList section */
	};
	rootObject = 5EDDEC382191D76500D65262 /* Project object */;
}
